
Microsoft Visual Studio Solution File, Format Version 12.00
# Visual Studio Version 17
VisualStudioVersion = 17.14.36518.9 d17.14
MinimumVisualStudioVersion = 10.0.40219.1
Project("{FAE04EC0-301F-11D3-BF4B-00C04F79EFBC}") = "BanDoGiaDung", "BanDoGiaDung\BanDoGiaDung.csproj", "{C7AB9AF1-6034-4C55-89EB-6D8646734BB0}"
EndProject
Global
	GlobalSection(SolutionConfigurationPlatforms) = preSolution
		Debug|Any CPU = Debug|Any CPU
		Release|Any CPU = Release|Any CPU
	EndGlobalSection
	GlobalSection(ProjectConfigurationPlatforms) = postSolution
		{C7AB9AF1-6034-4C55-89EB-6D8646734BB0}.Debug|Any CPU.ActiveCfg = Debug|Any CPU
		{C7AB9AF1-6034-4C55-89EB-6D8646734BB0}.Debug|Any CPU.Build.0 = Debug|Any CPU
		{C7AB9AF1-6034-4C55-89EB-6D8646734BB0}.Release|Any CPU.ActiveCfg = Release|Any CPU
		{C7AB9AF1-6034-4C55-89EB-6D8646734BB0}.Release|Any CPU.Build.0 = Release|Any CPU
	EndGlobalSection
	GlobalSection(SolutionProperties) = preSolution
		HideSolutionNode = FALSE
	EndGlobalSection
	GlobalSection(ExtensibilityGlobals) = postSolution
		SolutionGuid = {7016F7F2-4C42-4266-8421-6CBDCC110901}
	EndGlobalSection
EndGlobal
